# @generated - this file is auto-generated by `mise lock` https://mise.jdx.dev/dev-tools/mise-lock.html

[[tools."github:huacnlee/autocorrect"]]
version = "2.16.3"
backend = "github:huacnlee/autocorrect"

[tools."github:huacnlee/autocorrect"."platforms.linux-arm64"]
checksum = "sha256:c97ccecbb013d120beca8b0f701fb1fffdb90865e7cf21bede13cc65e559b32d"
url = "https://github.com/huacnlee/autocorrect/releases/download/v2.16.3/autocorrect-linux-arm64.tar.gz"
url_api = "https://api.github.com/repos/huacnlee/autocorrect/releases/assets/335756988"

[tools."github:huacnlee/autocorrect"."platforms.linux-arm64-musl"]
checksum = "sha256:bdf9ccafb4ae97ef3229df84ade65f78d480b8791898994b2e78ed3f1cca1ded"
url = "https://github.com/huacnlee/autocorrect/releases/download/v2.16.3/autocorrect-linux-musl-arm64.tar.gz"
url_api = "https://api.github.com/repos/huacnlee/autocorrect/releases/assets/335756987"

[tools."github:huacnlee/autocorrect"."platforms.linux-x64"]
checksum = "sha256:9bef6fef5f30d6cfa2e5399ffc990672621ee8ea699d4feea75830264ed7a32e"
url = "https://github.com/huacnlee/autocorrect/releases/download/v2.16.3/autocorrect-linux-amd64.tar.gz"
url_api = "https://api.github.com/repos/huacnlee/autocorrect/releases/assets/335756983"

[tools."github:huacnlee/autocorrect"."platforms.linux-x64-musl"]
checksum = "sha256:4d2237ebf1a4c95ae0405b5901330ac7e0335947951d7b562a301a88d6a618df"
url = "https://github.com/huacnlee/autocorrect/releases/download/v2.16.3/autocorrect-linux-musl-amd64.tar.gz"
url_api = "https://api.github.com/repos/huacnlee/autocorrect/releases/assets/335756991"

[tools."github:huacnlee/autocorrect"."platforms.macos-arm64"]
checksum = "sha256:a911efe0640a78c4d95779a81d4f57b4b745c3e77052c9f147b906d4a9b6dcaa"
url = "https://github.com/huacnlee/autocorrect/releases/download/v2.16.3/autocorrect-darwin-arm64.tar.gz"
url_api = "https://api.github.com/repos/huacnlee/autocorrect/releases/assets/335756985"

[tools."github:huacnlee/autocorrect"."platforms.macos-x64"]
checksum = "sha256:f13412060dfbcc8c91f7c71c707b1eb7db9bd0f44db041e3d6cdfd7d00460e00"
url = "https://github.com/huacnlee/autocorrect/releases/download/v2.16.3/autocorrect-darwin-amd64.tar.gz"
url_api = "https://api.github.com/repos/huacnlee/autocorrect/releases/assets/335756980"

[tools."github:huacnlee/autocorrect"."platforms.windows-x64"]
checksum = "sha256:64ca1c11b6c002cf9617e672df8dcba091e912994ee80d101289ef7849a533d8"
url = "https://github.com/huacnlee/autocorrect/releases/download/v2.16.3/autocorrect-windows-amd64.zip"
url_api = "https://api.github.com/repos/huacnlee/autocorrect/releases/assets/335756986"
